
Microsoft Visual Studio Solution File, Format Version 12.00
# Visual Studio Version 16
VisualStudioVersion = 16.0.30711.63
MinimumVisualStudioVersion = 10.0.40219.1
Project("{FAE04EC0-301F-11D3-BF4B-00C04F79EFBC}") = "BurgerPlace", "BurgerPlace\BurgerPlace.csproj", "{FF9B9BF1-90B3-4A5D-86EC-F32ECEA06A8D}"
EndProject
Project("{FAE04EC0-301F-11D3-BF4B-00C04F79EFBC}") = "MrDonalds", "MrDonalds\MrDonalds.csproj", "{DE0733EB-A93F-4734-89AE-E9E5CEE63472}"
EndProject
Global
	GlobalSection(SolutionConfigurationPlatforms) = preSolution
		Debug|Any CPU = Debug|Any CPU
		Release|Any CPU = Release|Any CPU
	EndGlobalSection
	GlobalSection(ProjectConfigurationPlatforms) = postSolution
		{FF9B9BF1-90B3-4A5D-86EC-F32ECEA06A8D}.Debug|Any CPU.ActiveCfg = Debug|Any CPU
		{FF9B9BF1-90B3-4A5D-86EC-F32ECEA06A8D}.Debug|Any CPU.Build.0 = Debug|Any CPU
		{FF9B9BF1-90B3-4A5D-86EC-F32ECEA06A8D}.Release|Any CPU.ActiveCfg = Release|Any CPU
		{FF9B9BF1-90B3-4A5D-86EC-F32ECEA06A8D}.Release|Any CPU.Build.0 = Release|Any CPU
		{DE0733EB-A93F-4734-89AE-E9E5CEE63472}.Debug|Any CPU.ActiveCfg = Debug|Any CPU
		{DE0733EB-A93F-4734-89AE-E9E5CEE63472}.Debug|Any CPU.Build.0 = Debug|Any CPU
		{DE0733EB-A93F-4734-89AE-E9E5CEE63472}.Release|Any CPU.ActiveCfg = Release|Any CPU
		{DE0733EB-A93F-4734-89AE-E9E5CEE63472}.Release|Any CPU.Build.0 = Release|Any CPU
	EndGlobalSection
	GlobalSection(SolutionProperties) = preSolution
		HideSolutionNode = FALSE
	EndGlobalSection
	GlobalSection(ExtensibilityGlobals) = postSolution
		SolutionGuid = {700882BA-1B52-4298-AB1F-A786ADB49485}
	EndGlobalSection
EndGlobal
